<?xml version="1.0" encoding="utf-8"?>
<Project ToolsVersion="18.0" xmlns="http://schemas.microsoft.com/developer/msbuild/2003">
  <ItemGroup>
    <CustomBuild Include="D:\Codes\my-app\DSA c++\finance_tracker\Log-Aggregator\Student Management System\CMakeFiles\b3e8c63a00a775a5fb4f94cb242a5aec\generate.stamp.rule">
      <Filter>CMake Rules</Filter>
    </CustomBuild>
  </ItemGroup>
  <ItemGroup>
    <Filter Include="CMake Rules">
      <UniqueIdentifier>{67DDA951-8BE3-3178-AC34-5E66AD1923BA}</UniqueIdentifier>
    </Filter>
  </ItemGroup>
</Project>
